<?xml version="1.0" encoding="utf-8"?>
<Project ToolsVersion="4.0" xmlns="http://schemas.microsoft.com/developer/msbuild/2003">
  <ItemGroup>
    <Filter Include="Source Files">
      <UniqueIdentifier>{4FC737F1-C7A5-4376-A066-2A32D752A2FF}</UniqueIdentifier>
      <Extensions>cpp;c;cc;cxx;def;odl;idl;hpj;bat;asm;asmx</Extensions>
    </Filter>
    <Filter Include="Header Files">
      <UniqueIdentifier>{93995380-89BD-4b04-88EB-625FBE52EBFB}</UniqueIdentifier>
      <Extensions>h;hh;hpp;hxx;hm;inl;inc;xsd</Extensions>
    </Filter>
    <Filter Include="Resource Files">
      <UniqueIdentifier>{67DA6AB6-F800-4c08-8B7A-83BB121AAD01}</UniqueIdentifier>
      <Extensions>rc;ico;cur;bmp;dlg;rc2;rct;bin;rgs;gif;jpg;jpeg;jpe;resx;tiff;tif;png;wav;mfcribbon-ms</Extensions>
    </Filter>
    <Filter Include="Source Files\Stats">
      <UniqueIdentifier>{8429d557-01be-45b1-87cd-33661250303a}</UniqueIdentifier>
    </Filter>
    <Filter Include="Source Files\Items">
      <UniqueIdentifier>{4e33ce64-7a36-4d18-9da4-16e71e9c62e5}</UniqueIdentifier>
    </Filter>
    <Filter Include="Header Files\Stats">
      <UniqueIdentifier>{0d76612d-fedc-4b49-b7be-c082d54e9b99}</UniqueIdentifier>
    </Filter>
    <Filter Include="Header Files\Items">
      <UniqueIdentifier>{1b939599-81d8-4ab5-9293-90a38d3bc447}</UniqueIdentifier>
    </Filter>
    <Filter Include="Header Files\Items\Cyborg">
      <UniqueIdentifier>{d7b636ed-2e57-4191-9758-936123fdd49c}</UniqueIdentifier>
    </Filter>
    <Filter Include="Source Files\Items\Cyborg">
      <UniqueIdentifier>{6c88239b-32a5-4f83-b393-88b7e09fae3f}</UniqueIdentifier>
    </Filter>
  </ItemGroup>
  <ItemGroup>
    <Text Include="ReadMe.txt" />
  </ItemGroup>
  <ItemGroup>
    <ClCompile Include="stdafx.cpp">
      <Filter>Source Files</Filter>
    </ClCompile>
    <ClCompile Include="Myrrhage.cpp">
      <Filter>Source Files</Filter>
    </ClCompile>
    <ClCompile Include="Agility.cpp">
      <Filter>Source Files\Stats</Filter>
    </ClCompile>
    <ClCompile Include="Might.cpp">
      <Filter>Source Files\Stats</Filter>
    </ClCompile>
    <ClCompile Include="Knowledge.cpp">
      <Filter>Source Files\Stats</Filter>
    </ClCompile>
    <ClCompile Include="Presence.cpp">
      <Filter>Source Files\Stats</Filter>
    </ClCompile>
    <ClCompile Include="Resistance.cpp">
      <Filter>Source Files\Stats</Filter>
    </ClCompile>
    <ClCompile Include="BaseAttribute.cpp">
      <Filter>Source Files\Stats</Filter>
    </ClCompile>
    <ClCompile Include="Armor.cpp">
      <Filter>Source Files\Items</Filter>
    </ClCompile>
    <ClCompile Include="BaseEquipment.cpp">
      <Filter>Source Files\Items</Filter>
    </ClCompile>
    <ClCompile Include="BaseItem.cpp">
      <Filter>Source Files\Items</Filter>
    </ClCompile>
    <ClCompile Include="BodyArmor.cpp">
      <Filter>Source Files\Items</Filter>
    </ClCompile>
    <ClCompile Include="FeetArmor.cpp">
      <Filter>Source Files\Items</Filter>
    </ClCompile>
    <ClCompile Include="HandArmor.cpp">
      <Filter>Source Files\Items</Filter>
    </ClCompile>
    <ClCompile Include="HeadArmor.cpp">
      <Filter>Source Files\Items</Filter>
    </ClCompile>
    <ClCompile Include="LegArmor.cpp">
      <Filter>Source Files\Items</Filter>
    </ClCompile>
    <ClCompile Include="OneHandedWeapon.cpp">
      <Filter>Source Files\Items</Filter>
    </ClCompile>
    <ClCompile Include="ThrowingWeapon.cpp">
      <Filter>Source Files\Items</Filter>
    </ClCompile>
    <ClCompile Include="TwoHandedWeapon.cpp">
      <Filter>Source Files\Items</Filter>
    </ClCompile>
    <ClCompile Include="Weapon.cpp">
      <Filter>Source Files\Items</Filter>
    </ClCompile>
    <ClCompile Include="Shield.cpp">
      <Filter>Source Files\Items</Filter>
    </ClCompile>
    <ClCompile Include="Breastplate.cpp">
      <Filter>Source Files\Items\Cyborg</Filter>
    </ClCompile>
    <ClCompile Include="Hero.cpp">
      <Filter>Source Files</Filter>
    </ClCompile>
  </ItemGroup>
  <ItemGroup>
    <ClInclude Include="stdafx.h">
      <Filter>Header Files</Filter>
    </ClInclude>
    <ClInclude Include="targetver.h">
      <Filter>Header Files</Filter>
    </ClInclude>
    <ClInclude Include="enums.h">
      <Filter>Header Files</Filter>
    </ClInclude>
    <ClInclude Include="Agility.h">
      <Filter>Header Files\Stats</Filter>
    </ClInclude>
    <ClInclude Include="BaseAttribute.h">
      <Filter>Header Files\Stats</Filter>
    </ClInclude>
    <ClInclude Include="Knowledge.h">
      <Filter>Header Files\Stats</Filter>
    </ClInclude>
    <ClInclude Include="Might.h">
      <Filter>Header Files\Stats</Filter>
    </ClInclude>
    <ClInclude Include="Presence.h">
      <Filter>Header Files\Stats</Filter>
    </ClInclude>
    <ClInclude Include="Resistance.h">
      <Filter>Header Files\Stats</Filter>
    </ClInclude>
    <ClInclude Include="Armor.h">
      <Filter>Header Files\Items</Filter>
    </ClInclude>
    <ClInclude Include="BaseEquipment.h">
      <Filter>Header Files\Items</Filter>
    </ClInclude>
    <ClInclude Include="BaseItem.h">
      <Filter>Header Files\Items</Filter>
    </ClInclude>
    <ClInclude Include="BodyArmor.h">
      <Filter>Header Files\Items</Filter>
    </ClInclude>
    <ClInclude Include="FeetArmor.h">
      <Filter>Header Files\Items</Filter>
    </ClInclude>
    <ClInclude Include="HandArmor.h">
      <Filter>Header Files\Items</Filter>
    </ClInclude>
    <ClInclude Include="HeadArmor.h">
      <Filter>Header Files\Items</Filter>
    </ClInclude>
    <ClInclude Include="LegArmor.h">
      <Filter>Header Files\Items</Filter>
    </ClInclude>
    <ClInclude Include="OneHandedWeapon.h">
      <Filter>Header Files\Items</Filter>
    </ClInclude>
    <ClInclude Include="Shield.h">
      <Filter>Header Files\Items</Filter>
    </ClInclude>
    <ClInclude Include="ThrowingWeapon.h">
      <Filter>Header Files\Items</Filter>
    </ClInclude>
    <ClInclude Include="TwoHandedWeapon.h">
      <Filter>Header Files\Items</Filter>
    </ClInclude>
    <ClInclude Include="Weapon.h">
      <Filter>Header Files\Items</Filter>
    </ClInclude>
    <ClInclude Include="Breastplate.h">
      <Filter>Header Files\Items\Cyborg</Filter>
    </ClInclude>
    <ClInclude Include="Hero.h">
      <Filter>Header Files</Filter>
    </ClInclude>
  </ItemGroup>
</Project>