<?xml version="1.0" encoding="utf-8"?>
<Project ToolsVersion="4.0" xmlns="http://schemas.microsoft.com/developer/msbuild/2003">
  <ItemGroup>
    <Filter Include="Source Files">
      <UniqueIdentifier>{4FC737F1-C7A5-4376-A066-2A32D752A2FF}</UniqueIdentifier>
      <Extensions>cpp;c;cc;cxx;def;odl;idl;hpj;bat;asm;asmx</Extensions>
    </Filter>
    <Filter Include="Header Files">
      <UniqueIdentifier>{93995380-89BD-4b04-88EB-625FBE52EBFB}</UniqueIdentifier>
      <Extensions>h;hh;hpp;hxx;hm;inl;inc;xsd</Extensions>
    </Filter>
    <Filter Include="Resource Files">
      <UniqueIdentifier>{67DA6AB6-F800-4c08-8B7A-83BB121AAD01}</UniqueIdentifier>
      <Extensions>rc;ico;cur;bmp;dlg;rc2;rct;bin;rgs;gif;jpg;jpeg;jpe;resx;tiff;tif;png;wav;mfcribbon-ms</Extensions>
    </Filter>
    <Filter Include="Source Files\Items">
      <UniqueIdentifier>{f7e06a2c-c97f-4646-ba24-c3ba310caced}</UniqueIdentifier>
    </Filter>
    <Filter Include="Source Files\Attributes">
      <UniqueIdentifier>{3febd4c8-cefd-41a3-9f8b-66ac093f6c18}</UniqueIdentifier>
    </Filter>
    <Filter Include="Source Files\Interfaces">
      <UniqueIdentifier>{569b5355-09f1-4e18-92ec-d135c57e561f}</UniqueIdentifier>
    </Filter>
    <Filter Include="Source Files\Characters">
      <UniqueIdentifier>{f580c96d-d631-4367-ab6f-2433b730dc85}</UniqueIdentifier>
    </Filter>
    <Filter Include="Source Files\Characters\Hero">
      <UniqueIdentifier>{e0bce20e-7660-4c3b-8f51-429ebc715b4b}</UniqueIdentifier>
    </Filter>
    <Filter Include="Source Files\Attributes\Skills">
      <UniqueIdentifier>{697fb4e0-cbc1-4e6d-8c6b-fce569dbbfc3}</UniqueIdentifier>
    </Filter>
    <Filter Include="Source Files\Attributes\Skills\Cyborg">
      <UniqueIdentifier>{923be0ee-9644-443b-9495-3d2bf58a5d7d}</UniqueIdentifier>
    </Filter>
    <Filter Include="Source Files\Attributes\Skills\Infantry">
      <UniqueIdentifier>{088c4840-1158-481f-9bed-c0f20bf4d435}</UniqueIdentifier>
    </Filter>
    <Filter Include="Source Files\Attributes\Skills\Hacker">
      <UniqueIdentifier>{2d390dd8-3074-42d6-84dc-33939c72f135}</UniqueIdentifier>
    </Filter>
    <Filter Include="Source Files\Attributes\Skills\Psion">
      <UniqueIdentifier>{ac13b749-1263-47b1-bb0a-2495acda5079}</UniqueIdentifier>
    </Filter>
  </ItemGroup>
  <ItemGroup>
    <Text Include="ReadMe.txt" />
  </ItemGroup>
  <ItemGroup>
    <ClInclude Include="stdafx.h">
      <Filter>Header Files</Filter>
    </ClInclude>
    <ClInclude Include="targetver.h">
      <Filter>Header Files</Filter>
    </ClInclude>
    <ClInclude Include="BaseEntity.h">
      <Filter>Header Files</Filter>
    </ClInclude>
    <ClInclude Include="BaseItem.h">
      <Filter>Header Files</Filter>
    </ClInclude>
    <ClInclude Include="BaseArmor.h">
      <Filter>Header Files</Filter>
    </ClInclude>
    <ClInclude Include="BaseWeapon.h">
      <Filter>Header Files</Filter>
    </ClInclude>
    <ClInclude Include="BasePotion.h">
      <Filter>Header Files</Filter>
    </ClInclude>
    <ClInclude Include="BaseAttribute.h">
      <Filter>Header Files</Filter>
    </ClInclude>
    <ClInclude Include="enums.h">
      <Filter>Header Files</Filter>
    </ClInclude>
    <ClInclude Include="IEquippable.h">
      <Filter>Header Files</Filter>
    </ClInclude>
    <ClInclude Include="IUsable.h">
      <Filter>Header Files</Filter>
    </ClInclude>
    <ClInclude Include="BaseCharacter.h">
      <Filter>Header Files</Filter>
    </ClInclude>
    <ClInclude Include="Hero.h">
      <Filter>Header Files</Filter>
    </ClInclude>
    <ClInclude Include="MyForm.h">
      <Filter>Source Files</Filter>
    </ClInclude>
    <ClInclude Include="Inventory.h">
      <Filter>Header Files</Filter>
    </ClInclude>
    <ClInclude Include="Equipment.h">
      <Filter>Header Files</Filter>
    </ClInclude>
    <ClInclude Include="SkillSet.h">
      <Filter>Header Files</Filter>
    </ClInclude>
    <ClInclude Include="Strength.h">
      <Filter>Header Files</Filter>
    </ClInclude>
    <ClInclude Include="Agility.h">
      <Filter>Header Files</Filter>
    </ClInclude>
    <ClInclude Include="Intelligence.h">
      <Filter>Header Files</Filter>
    </ClInclude>
    <ClInclude Include="Constitution.h">
      <Filter>Header Files</Filter>
    </ClInclude>
    <ClInclude Include="Dexterity.h">
      <Filter>Header Files</Filter>
    </ClInclude>
  </ItemGroup>
  <ItemGroup>
    <ClCompile Include="stdafx.cpp">
      <Filter>Source Files</Filter>
    </ClCompile>
    <ClCompile Include="Myrrhage.cpp">
      <Filter>Source Files</Filter>
    </ClCompile>
    <ClCompile Include="BaseEntity.cpp">
      <Filter>Source Files</Filter>
    </ClCompile>
    <ClCompile Include="BaseArmor.cpp">
      <Filter>Source Files\Items</Filter>
    </ClCompile>
    <ClCompile Include="BaseWeapon.cpp">
      <Filter>Source Files\Items</Filter>
    </ClCompile>
    <ClCompile Include="BasePotion.cpp">
      <Filter>Source Files\Items</Filter>
    </ClCompile>
    <ClCompile Include="BaseItem.cpp">
      <Filter>Source Files\Items</Filter>
    </ClCompile>
    <ClCompile Include="BaseAttribute.cpp">
      <Filter>Source Files\Attributes</Filter>
    </ClCompile>
    <ClCompile Include="IEquippable.cpp">
      <Filter>Source Files\Interfaces</Filter>
    </ClCompile>
    <ClCompile Include="BaseCharacter.cpp">
      <Filter>Source Files\Characters</Filter>
    </ClCompile>
    <ClCompile Include="Hero.cpp">
      <Filter>Source Files\Characters\Hero</Filter>
    </ClCompile>
    <ClCompile Include="MyForm.cpp">
      <Filter>Source Files</Filter>
    </ClCompile>
    <ClCompile Include="Inventory.cpp">
      <Filter>Source Files\Characters\Hero</Filter>
    </ClCompile>
    <ClCompile Include="IUsable.cpp">
      <Filter>Source Files\Interfaces</Filter>
    </ClCompile>
    <ClCompile Include="Equipment.cpp">
      <Filter>Source Files\Characters\Hero</Filter>
    </ClCompile>
    <ClCompile Include="Strength.cpp">
      <Filter>Source Files\Attributes\Skills</Filter>
    </ClCompile>
    <ClCompile Include="Agility.cpp">
      <Filter>Source Files\Attributes\Skills</Filter>
    </ClCompile>
    <ClCompile Include="Constitution.cpp">
      <Filter>Source Files\Attributes\Skills</Filter>
    </ClCompile>
    <ClCompile Include="Dexterity.cpp">
      <Filter>Source Files\Attributes\Skills</Filter>
    </ClCompile>
    <ClCompile Include="Intelligence.cpp">
      <Filter>Source Files\Attributes\Skills</Filter>
    </ClCompile>
    <ClCompile Include="SkillSet.cpp">
      <Filter>Source Files\Characters\Hero</Filter>
    </ClCompile>
  </ItemGroup>
</Project>